// !$*UTF8*$!
{
	archiveVersion = 1;
	classes = {
	};
	objectVersion = 46;
	objects = {

/* Begin PBXBuildFile section */
		2DE629C51BD533B100936F7E /* AppDelegate.swift in Sources */ = {isa = PBXBuildFile; fileRef = 2DE629C41BD533B100936F7E /* AppDelegate.swift */; };
		2DE629C71BD533B100936F7E /* ViewController.swift in Sources */ = {isa = PBXBuildFile; fileRef = 2DE629C61BD533B100936F7E /* ViewController.swift */; };
		2DE629CA1BD533B200936F7E /* Main.storyboard in Resources */ = {isa = PBXBuildFile; fileRef = 2DE629C81BD533B200936F7E /* Main.storyboard */; };
		2DE629CC1BD533B200936F7E /* Assets.xcassets in Resources */ = {isa = PBXBuildFile; fileRef = 2DE629CB1BD533B200936F7E /* Assets.xcassets */; };
		2DE629CF1BD533B200936F7E /* LaunchScreen.storyboard in Resources */ = {isa = PBXBuildFile; fileRef = 2DE629CD1BD533B200936F7E /* LaunchScreen.storyboard */; };
/* End PBXBuildFile section */

/* Begin PBXContainerItemProxy section */
		2D4BD9761BE10CCE003B253F /* PBXContainerItemProxy */ = {
			isa = PBXContainerItemProxy;
			containerPortal = 2D4BD9721BE10CCD003B253F /* ExPandcell.xcodeproj */;
			proxyType = 2;
			remoteGlobalIDString = 2D4BD9581BE10CCC003B253F;
			remoteInfo = ExPandcell;
		};
/* End PBXContainerItemProxy section */

/* Begin PBXFileReference section */
		2D4BD9721BE10CCD003B253F /* ExPandcell.xcodeproj */ = {isa = PBXFileReference; lastKnownFileType = "wrapper.pb-project"; name = ExPandcell.xcodeproj; path = ExPandcell/ExPandcell.xcodeproj; sourceTree = "<group>"; };
		2DE629C11BD533B100936F7E /* Swif_Study.app */ = {isa = PBXFileReference; explicitFileType = wrapper.application; includeInIndex = 0; path = Swif_Study.app; sourceTree = BUILT_PRODUCTS_DIR; };
		2DE629C41BD533B100936F7E /* AppDelegate.swift */ = {isa = PBXFileReference; lastKnownFileType = sourcecode.swift; path = AppDelegate.swift; sourceTree = "<group>"; };
		2DE629C61BD533B100936F7E /* ViewController.swift */ = {isa = PBXFileReference; lastKnownFileType = sourcecode.swift; path = ViewController.swift; sourceTree = "<group>"; };
		2DE629C91BD533B200936F7E /* Base */ = {isa = PBXFileReference; lastKnownFileType = file.storyboard; name = Base; path = Base.lproj/Main.storyboard; sourceTree = "<group>"; };
		2DE629CB1BD533B200936F7E /* Assets.xcassets */ = {isa = PBXFileReference; lastKnownFileType = folder.assetcatalog; path = Assets.xcassets; sourceTree = "<group>"; };
		2DE629CE1BD533B200936F7E /* Base */ = {isa = PBXFileReference; lastKnownFileType = file.storyboard; name = Base; path = Base.lproj/LaunchScreen.storyboard; sourceTree = "<group>"; };
		2DE629D01BD533B200936F7E /* Info.plist */ = {isa = PBXFileReference; lastKnownFileType = text.plist.xml; path = Info.plist; sourceTree = "<group>"; };
/* End PBXFileReference section */

/* Begin PBXFrameworksBuildPhase section */
		2DE629BE1BD533B100936F7E /* Frameworks */ = {
			isa = PBXFrameworksBuildPhase;
			buildActionMask = 2147483647;
			files = (
			);
			runOnlyForDeploymentPostprocessing = 0;
		};
/* End PBXFrameworksBuildPhase section */

/* Begin PBXGroup section */
		2D4BD9731BE10CCD003B253F /* Products */ = {
			isa = PBXGroup;
			children = (
				2D4BD9771BE10CCE003B253F /* ExPandcell.app */,
			);
			name = Products;
			sourceTree = "<group>";
		};
		2DE629B81BD533B100936F7E = {
			isa = PBXGroup;
			children = (
				2DE629C31BD533B100936F7E /* Swif_Study */,
				2DE629C21BD533B100936F7E /* Products */,
			);
			sourceTree = "<group>";
		};
		2DE629C21BD533B100936F7E /* Products */ = {
			isa = PBXGroup;
			children = (
				2DE629C11BD533B100936F7E /* Swif_Study.app */,
			);
			name = Products;
			sourceTree = "<group>";
		};
		2DE629C31BD533B100936F7E /* Swif_Study */ = {
			isa = PBXGroup;
			children = (
				2D4BD9721BE10CCD003B253F /* ExPandcell.xcodeproj */,
				2DE629C41BD533B100936F7E /* AppDelegate.swift */,
				2DE629C61BD533B100936F7E /* ViewController.swift */,
				2DE629C81BD533B200936F7E /* Main.storyboard */,
				2DE629CB1BD533B200936F7E /* Assets.xcassets */,
				2DE629CD1BD533B200936F7E /* LaunchScreen.storyboard */,
				2DE629D01BD533B200936F7E /* Info.plist */,
			);
			path = Swif_Study;
			sourceTree = "<group>";
		};
/* End PBXGroup section */

/* Begin PBXNativeTarget section */
		2DE629C01BD533B100936F7E /* Swif_Study */ = {
			isa = PBXNativeTarget;
			buildConfigurationList = 2DE629D31BD533B200936F7E /* Build configuration list for PBXNativeTarget "Swif_Study" */;
			buildPhases = (
				2DE629BD1BD533B100936F7E /* Sources */,
				2DE629BE1BD533B100936F7E /* Frameworks */,
				2DE629BF1BD533B100936F7E /* Resources */,
			);
			buildRules = (
			);
			dependencies = (
			);
			name = Swif_Study;
			productName = Swif_Study;
			productReference = 2DE629C11BD533B100936F7E /* Swif_Study.app */;
			productType = "com.apple.product-type.application";
		};
/* End PBXNativeTarget section */

/* Begin PBXProject section */
		2DE629B91BD533B100936F7E /* Project object */ = {
			isa = PBXProject;
			attributes = {
				LastUpgradeCheck = 0700;
				ORGANIZATIONNAME = bfy;
				TargetAttributes = {
					2DE629C01BD533B100936F7E = {
						CreatedOnToolsVersion = 7.0;
					};
				};
			};
			buildConfigurationList = 2DE629BC1BD533B100936F7E /* Build configuration list for PBXProject "Swif_Study" */;
			compatibilityVersion = "Xcode 3.2";
			developmentRegion = English;
			hasScannedForEncodings = 0;
			knownRegions = (
				en,
				Base,
			);
			mainGroup = 2DE629B81BD533B100936F7E;
			productRefGroup = 2DE629C21BD533B100936F7E /* Products */;
			projectDirPath = "";
			projectReferences = (
				{
					ProductGroup = 2D4BD9731BE10CCD003B253F /* Products */;
					ProjectRef = 2D4BD9721BE10CCD003B253F /* ExPandcell.xcodeproj */;
				},
			);
			projectRoot = "";
			targets = (
				2DE629C01BD533B100936F7E /* Swif_Study */,
			);
		};
/* End PBXProject section */

/* Begin PBXReferenceProxy section */
		2D4BD9771BE10CCE003B253F /* ExPandcell.app */ = {
			isa = PBXReferenceProxy;
			fileType = wrapper.application;
			path = ExPandcell.app;
			remoteRef = 2D4BD9761BE10CCE003B253F /* PBXContainerItemProxy */;
			sourceTree = BUILT_PRODUCTS_DIR;
		};
/* End PBXReferenceProxy section */

/* Begin PBXResourcesBuildPhase section */
		2DE629BF1BD533B100936F7E /* Resources */ = {
			isa = PBXResourcesBuildPhase;
			buildActionMask = 2147483647;
			files = (
				2DE629CF1BD533B200936F7E /* LaunchScreen.storyboard in Resources */,
				2DE629CC1BD533B200936F7E /* Assets.xcassets in Resources */,
				2DE629CA1BD533B200936F7E /* Main.storyboard in Resources */,
			);
			runOnlyForDeploymentPostprocessing = 0;
		};
/* End PBXResourcesBuildPhase section */

/* Begin PBXSourcesBuildPhase section */
		2DE629BD1BD533B100936F7E /* Sources */ = {
			isa = PBXSourcesBuildPhase;
			buildActionMask = 2147483647;
			files = (
				2DE629C71BD533B100936F7E /* ViewController.swift in Sources */,
				2DE629C51BD533B100936F7E /* AppDelegate.swift in Sources */,
			);
			runOnlyForDeploymentPostprocessing = 0;
		};
/* End PBXSourcesBuildPhase section */

/* Begin PBXVariantGroup section */
		2DE629C81BD533B200936F7E /* Main.storyboard */ = {
			isa = PBXVariantGroup;
			children = (
				2DE629C91BD533B200936F7E /* Base */,
			);
			name = Main.storyboard;
			sourceTree = "<group>";
		};
		2DE629CD1BD533B200936F7E /* LaunchScreen.storyboard */ = {
			isa = PBXVariantGroup;
			children = (
				2DE629CE1BD533B200936F7E /* Base */,
			);
			name = LaunchScreen.storyboard;
			sourceTree = "<group>";
		};
/* End PBXVariantGroup section */

/* Begin XCBuildConfiguration section */
		2DE629D11BD533B200936F7E /* Debug */ = {
			isa = XCBuildConfiguration;
			buildSettings = {
				ALWAYS_SEARCH_USER_PATHS = NO;
				CLANG_CXX_LANGUAGE_STANDARD = "gnu++0x";
				CLANG_CXX_LIBRARY = "libc++";
				CLANG_ENABLE_MODULES = YES;
				CLANG_ENABLE_OBJC_ARC = YES;
				CLANG_WARN_BOOL_CONVERSION = YES;
				CLANG_WARN_CONSTANT_CONVERSION = YES;
				CLANG_WARN_DIRECT_OBJC_ISA_USAGE = YES_ERROR;
				CLANG_WARN_EMPTY_BODY = YES;
				CLANG_WARN_ENUM_CONVERSION = YES;
				CLANG_WARN_INT_CONVERSION = YES;
				CLANG_WARN_OBJC_ROOT_CLASS = YES_ERROR;
				CLANG_WARN_UNREACHABLE_CODE = YES;
				CLANG_WARN__DUPLICATE_METHOD_MATCH = YES;
				"CODE_SIGN_IDENTITY[sdk=iphoneos*]" = "iPhone Developer";
				COPY_PHASE_STRIP = NO;
				DEBUG_INFORMATION_FORMAT = dwarf;
				ENABLE_STRICT_OBJC_MSGSEND = YES;
				ENABLE_TESTABILITY = YES;
				GCC_C_LANGUAGE_STANDARD = gnu99;
				GCC_DYNAMIC_NO_PIC = NO;
				GCC_NO_COMMON_BLOCKS = YES;
				GCC_OPTIMIZATION_LEVEL = 0;
				GCC_PREPROCESSOR_DEFINITIONS = (
					"DEBUG=1",
					"$(inherited)",
				);
				GCC_WARN_64_TO_32_BIT_CONVERSION = YES;
				GCC_WARN_ABOUT_RETURN_TYPE = YES_ERROR;
				GCC_WARN_UNDECLARED_SELECTOR = YES;
				GCC_WARN_UNINITIALIZED_AUTOS = YES_AGGRESSIVE;
				GCC_WARN_UNUSED_FUNCTION = YES;
				GCC_WARN_UNUSED_VARIABLE = YES;
				IPHONEOS_DEPLOYMENT_TARGET = 9.0;
				MTL_ENABLE_DEBUG_INFO = YES;
				ONLY_ACTIVE_ARCH = YES;
				SDKROOT = iphoneos;
				SWIFT_OPTIMIZATION_LEVEL = "-Onone";
			};
			name = Debug;
		};
		2DE629D21BD533B200936F7E /* Release */ = {
			isa = XCBuildConfiguration;
			buildSettings = {
				ALWAYS_SEARCH_USER_PATHS = NO;
				CLANG_CXX_LANGUAGE_STANDARD = "gnu++0x";
				CLANG_CXX_LIBRARY = "libc++";
				CLANG_ENABLE_MODULES = YES;
				CLANG_ENABLE_OBJC_ARC = YES;
				CLANG_WARN_BOOL_CONVERSION = YES;
				CLANG_WARN_CONSTANT_CONVERSION = YES;
				CLANG_WARN_DIRECT_OBJC_ISA_USAGE = YES_ERROR;
				CLANG_WARN_EMPTY_BODY = YES;
				CLANG_WARN_ENUM_CONVERSION = YES;
				CLANG_WARN_INT_CONVERSION = YES;
				CLANG_WARN_OBJC_ROOT_CLASS = YES_ERROR;
				CLANG_WARN_UNREACHABLE_CODE = YES;
				CLANG_WARN__DUPLICATE_METHOD_MATCH = YES;
				"CODE_SIGN_IDENTITY[sdk=iphoneos*]" = "iPhone Developer";
				COPY_PHASE_STRIP = NO;
				DEBUG_INFORMATION_FORMAT = "dwarf-with-dsym";
				ENABLE_NS_ASSERTIONS = NO;
				ENABLE_STRICT_OBJC_MSGSEND = YES;
				GCC_C_LANGUAGE_STANDARD = gnu99;
				GCC_NO_COMMON_BLOCKS = YES;
				GCC_WARN_64_TO_32_BIT_CONVERSION = YES;
				GCC_WARN_ABOUT_RETURN_TYPE = YES_ERROR;
				GCC_WARN_UNDECLARED_SELECTOR = YES;
				GCC_WARN_UNINITIALIZED_AUTOS = YES_AGGRESSIVE;
				GCC_WARN_UNUSED_FUNCTION = YES;
				GCC_WARN_UNUSED_VARIABLE = YES;
				IPHONEOS_DEPLOYMENT_TARGET = 9.0;
				MTL_ENABLE_DEBUG_INFO = NO;
				SDKROOT = iphoneos;
				VALIDATE_PRODUCT = YES;
			};
			name = Release;
		};
		2DE629D41BD533B200936F7E /* Debug */ = {
			isa = XCBuildConfiguration;
			buildSettings = {
				ASSETCATALOG_COMPILER_APPICON_NAME = AppIcon;
				CODE_SIGN_IDENTITY = "iPhone Developer";
				INFOPLIST_FILE = Swif_Study/Info.plist;
				LD_RUNPATH_SEARCH_PATHS = "$(inherited) @executable_path/Frameworks";
				PRODUCT_BUNDLE_IDENTIFIER = "bfy.Swif-Study";
				PRODUCT_NAME = "$(TARGET_NAME)";
			};
			name = Debug;
		};
		2DE629D51BD533B200936F7E /* Release */ = {
			isa = XCBuildConfiguration;
			buildSettings = {
				ASSETCATALOG_COMPILER_APPICON_NAME = AppIcon;
				CODE_SIGN_IDENTITY = "iPhone Developer";
				INFOPLIST_FILE = Swif_Study/Info.plist;
				LD_RUNPATH_SEARCH_PATHS = "$(inherited) @executable_path/Frameworks";
				PRODUCT_BUNDLE_IDENTIFIER = "bfy.Swif-Study";
				PRODUCT_NAME = "$(TARGET_NAME)";
			};
			name = Release;
		};
/* End XCBuildConfiguration section */

/* Begin XCConfigurationList section */
		2DE629BC1BD533B100936F7E /* Build configuration list for PBXProject "Swif_Study" */ = {
			isa = XCConfigurationList;
			buildConfigurations = (
				2DE629D11BD533B200936F7E /* Debug */,
				2DE629D21BD533B200936F7E /* Release */,
			);
			defaultConfigurationIsVisible = 0;
			defaultConfigurationName = Release;
		};
		2DE629D31BD533B200936F7E /* Build configuration list for PBXNativeTarget "Swif_Study" */ = {
			isa = XCConfigurationList;
			buildConfigurations = (
				2DE629D41BD533B200936F7E /* Debug */,
				2DE629D51BD533B200936F7E /* Release */,
			);
			defaultConfigurationIsVisible = 0;
			defaultConfigurationName = Release;
		};
/* End XCConfigurationList section */
	};
	rootObject = 2DE629B91BD533B100936F7E /* Project object */;
}
